
Microsoft Visual Studio Solution File, Format Version 12.00
# Visual Studio Version 17
VisualStudioVersion = 17.5.33209.295
MinimumVisualStudioVersion = 10.0.40219.1
Project("{FAE04EC0-301F-11D3-BF4B-00C04F79EFBC}") = "RestWebAPI", "RestWebAPI.csproj", "{CC5BB0AE-C3F5-4742-8A63-0760152024E7}"
EndProject
Global
	GlobalSection(SolutionConfigurationPlatforms) = preSolution
		Debug|Any CPU = Debug|Any CPU
		Release|Any CPU = Release|Any CPU
	EndGlobalSection
	GlobalSection(ProjectConfigurationPlatforms) = postSolution
		{CC5BB0AE-C3F5-4742-8A63-0760152024E7}.Debug|Any CPU.ActiveCfg = Debug|Any CPU
		{CC5BB0AE-C3F5-4742-8A63-0760152024E7}.Debug|Any CPU.Build.0 = Debug|Any CPU
		{CC5BB0AE-C3F5-4742-8A63-0760152024E7}.Release|Any CPU.ActiveCfg = Release|Any CPU
		{CC5BB0AE-C3F5-4742-8A63-0760152024E7}.Release|Any CPU.Build.0 = Release|Any CPU
	EndGlobalSection
	GlobalSection(SolutionProperties) = preSolution
		HideSolutionNode = FALSE
	EndGlobalSection
	GlobalSection(ExtensibilityGlobals) = postSolution
		SolutionGuid = {610C4E4D-3024-4C36-8B0B-571B04141A6C}
	EndGlobalSection
EndGlobal
